// !$*UTF8*$!
{
	archiveVersion = 1;
	classes = {
	};
	objectVersion = 56;
	objects = {

/* Begin PBXBuildFile section */
		DE489D17292DDE2200C856E6 /* CuprumApp.swift in Sources */ = {isa = PBXBuildFile; fileRef = DE489D16292DDE2200C856E6 /* CuprumApp.swift */; };
		DE489D19292DDE2200C856E6 /* ContentView.swift in Sources */ = {isa = PBXBuildFile; fileRef = DE489D18292DDE2200C856E6 /* ContentView.swift */; };
		DE489D1B292DDE2400C856E6 /* Assets.xcassets in Resources */ = {isa = PBXBuildFile; fileRef = DE489D1A292DDE2400C856E6 /* Assets.xcassets */; };
		DE489D1E292DDE2400C856E6 /* Preview Assets.xcassets in Resources */ = {isa = PBXBuildFile; fileRef = DE489D1D292DDE2400C856E6 /* Preview Assets.xcassets */; };
		DE489D29292DDE2400C856E6 /* CuprumTests.swift in Sources */ = {isa = PBXBuildFile; fileRef = DE489D28292DDE2400C856E6 /* CuprumTests.swift */; };
		DE489D33292DDE2400C856E6 /* CuprumUITests.swift in Sources */ = {isa = PBXBuildFile; fileRef = DE489D32292DDE2400C856E6 /* CuprumUITests.swift */; };
		DE489D35292DDE2400C856E6 /* CuprumUITestsLaunchTests.swift in Sources */ = {isa = PBXBuildFile; fileRef = DE489D34292DDE2400C856E6 /* CuprumUITestsLaunchTests.swift */; };
/* End PBXBuildFile section */

/* Begin PBXContainerItemProxy section */
		DE489D25292DDE2400C856E6 /* PBXContainerItemProxy */ = {
			isa = PBXContainerItemProxy;
			containerPortal = DE489D0B292DDE2100C856E6 /* Project object */;
			proxyType = 1;
			remoteGlobalIDString = DE489D12292DDE2200C856E6;
			remoteInfo = Cuprum;
		};
		DE489D2F292DDE2400C856E6 /* PBXContainerItemProxy */ = {
			isa = PBXContainerItemProxy;
			containerPortal = DE489D0B292DDE2100C856E6 /* Project object */;
			proxyType = 1;
			remoteGlobalIDString = DE489D12292DDE2200C856E6;
			remoteInfo = Cuprum;
		};
/* End PBXContainerItemProxy section */

/* Begin PBXFileReference section */
		DE489D13292DDE2200C856E6 /* Cuprum.app */ = {isa = PBXFileReference; explicitFileType = wrapper.application; includeInIndex = 0; path = Cuprum.app; sourceTree = BUILT_PRODUCTS_DIR; };
		DE489D16292DDE2200C856E6 /* CuprumApp.swift */ = {isa = PBXFileReference; lastKnownFileType = sourcecode.swift; path = CuprumApp.swift; sourceTree = "<group>"; };
		DE489D18292DDE2200C856E6 /* ContentView.swift */ = {isa = PBXFileReference; lastKnownFileType = sourcecode.swift; path = ContentView.swift; sourceTree = "<group>"; };
		DE489D1A292DDE2400C856E6 /* Assets.xcassets */ = {isa = PBXFileReference; lastKnownFileType = folder.assetcatalog; path = Assets.xcassets; sourceTree = "<group>"; };
		DE489D1D292DDE2400C856E6 /* Preview Assets.xcassets */ = {isa = PBXFileReference; lastKnownFileType = folder.assetcatalog; path = "Preview Assets.xcassets"; sourceTree = "<group>"; };
		DE489D1F292DDE2400C856E6 /* Cuprum.entitlements */ = {isa = PBXFileReference; lastKnownFileType = text.plist.entitlements; path = Cuprum.entitlements; sourceTree = "<group>"; };
		DE489D24292DDE2400C856E6 /* CuprumTests.xctest */ = {isa = PBXFileReference; explicitFileType = wrapper.cfbundle; includeInIndex = 0; path = CuprumTests.xctest; sourceTree = BUILT_PRODUCTS_DIR; };
		DE489D28292DDE2400C856E6 /* CuprumTests.swift */ = {isa = PBXFileReference; lastKnownFileType = sourcecode.swift; path = CuprumTests.swift; sourceTree = "<group>"; };
		DE489D2E292DDE2400C856E6 /* CuprumUITests.xctest */ = {isa = PBXFileReference; explicitFileType = wrapper.cfbundle; includeInIndex = 0; path = CuprumUITests.xctest; sourceTree = BUILT_PRODUCTS_DIR; };
		DE489D32292DDE2400C856E6 /* CuprumUITests.swift */ = {isa = PBXFileReference; lastKnownFileType = sourcecode.swift; path = CuprumUITests.swift; sourceTree = "<group>"; };
		DE489D34292DDE2400C856E6 /* CuprumUITestsLaunchTests.swift */ = {isa = PBXFileReference; lastKnownFileType = sourcecode.swift; path = CuprumUITestsLaunchTests.swift; sourceTree = "<group>"; };
/* End PBXFileReference section */

/* Begin PBXFrameworksBuildPhase section */
		DE489D10292DDE2200C856E6 /* Frameworks */ = {
			isa = PBXFrameworksBuildPhase;
			buildActionMask = 2147483647;
			files = (
			);
			runOnlyForDeploymentPostprocessing = 0;
		};
		DE489D21292DDE2400C856E6 /* Frameworks */ = {
			isa = PBXFrameworksBuildPhase;
			buildActionMask = 2147483647;
			files = (
			);
			runOnlyForDeploymentPostprocessing = 0;
		};
		DE489D2B292DDE2400C856E6 /* Frameworks */ = {
			isa = PBXFrameworksBuildPhase;
			buildActionMask = 2147483647;
			files = (
			);
			runOnlyForDeploymentPostprocessing = 0;
		};
/* End PBXFrameworksBuildPhase section */

/* Begin PBXGroup section */
		DE489D0A292DDE2100C856E6 = {
			isa = PBXGroup;
			children = (
				DE489D15292DDE2200C856E6 /* Cuprum */,
				DE489D27292DDE2400C856E6 /* CuprumTests */,
				DE489D31292DDE2400C856E6 /* CuprumUITests */,
				DE489D14292DDE2200C856E6 /* Products */,
			);
			sourceTree = "<group>";
		};
		DE489D14292DDE2200C856E6 /* Products */ = {
			isa = PBXGroup;
			children = (
				DE489D13292DDE2200C856E6 /* Cuprum.app */,
				DE489D24292DDE2400C856E6 /* CuprumTests.xctest */,
				DE489D2E292DDE2400C856E6 /* CuprumUITests.xctest */,
			);
			name = Products;
			sourceTree = "<group>";
		};
		DE489D15292DDE2200C856E6 /* Cuprum */ = {
			isa = PBXGroup;
			children = (
				DE489D16292DDE2200C856E6 /* CuprumApp.swift */,
				DE489D18292DDE2200C856E6 /* ContentView.swift */,
				DE489D1A292DDE2400C856E6 /* Assets.xcassets */,
				DE489D1F292DDE2400C856E6 /* Cuprum.entitlements */,
				DE489D1C292DDE2400C856E6 /* Preview Content */,
			);
			path = Cuprum;
			sourceTree = "<group>";
		};
		DE489D1C292DDE2400C856E6 /* Preview Content */ = {
			isa = PBXGroup;
			children = (
				DE489D1D292DDE2400C856E6 /* Preview Assets.xcassets */,
			);
			path = "Preview Content";
			sourceTree = "<group>";
		};
		DE489D27292DDE2400C856E6 /* CuprumTests */ = {
			isa = PBXGroup;
			children = (
				DE489D28292DDE2400C856E6 /* CuprumTests.swift */,
			);
			path = CuprumTests;
			sourceTree = "<group>";
		};
		DE489D31292DDE2400C856E6 /* CuprumUITests */ = {
			isa = PBXGroup;
			children = (
				DE489D32292DDE2400C856E6 /* CuprumUITests.swift */,
				DE489D34292DDE2400C856E6 /* CuprumUITestsLaunchTests.swift */,
			);
			path = CuprumUITests;
			sourceTree = "<group>";
		};
/* End PBXGroup section */

/* Begin PBXNativeTarget section */
		DE489D12292DDE2200C856E6 /* Cuprum */ = {
			isa = PBXNativeTarget;
			buildConfigurationList = DE489D38292DDE2400C856E6 /* Build configuration list for PBXNativeTarget "Cuprum" */;
			buildPhases = (
				DE489D0F292DDE2200C856E6 /* Sources */,
				DE489D10292DDE2200C856E6 /* Frameworks */,
				DE489D11292DDE2200C856E6 /* Resources */,
			);
			buildRules = (
			);
			dependencies = (
			);
			name = Cuprum;
			productName = Cuprum;
			productReference = DE489D13292DDE2200C856E6 /* Cuprum.app */;
			productType = "com.apple.product-type.application";
		};
		DE489D23292DDE2400C856E6 /* CuprumTests */ = {
			isa = PBXNativeTarget;
			buildConfigurationList = DE489D3B292DDE2400C856E6 /* Build configuration list for PBXNativeTarget "CuprumTests" */;
			buildPhases = (
				DE489D20292DDE2400C856E6 /* Sources */,
				DE489D21292DDE2400C856E6 /* Frameworks */,
				DE489D22292DDE2400C856E6 /* Resources */,
			);
			buildRules = (
			);
			dependencies = (
				DE489D26292DDE2400C856E6 /* PBXTargetDependency */,
			);
			name = CuprumTests;
			productName = CuprumTests;
			productReference = DE489D24292DDE2400C856E6 /* CuprumTests.xctest */;
			productType = "com.apple.product-type.bundle.unit-test";
		};
		DE489D2D292DDE2400C856E6 /* CuprumUITests */ = {
			isa = PBXNativeTarget;
			buildConfigurationList = DE489D3E292DDE2400C856E6 /* Build configuration list for PBXNativeTarget "CuprumUITests" */;
			buildPhases = (
				DE489D2A292DDE2400C856E6 /* Sources */,
				DE489D2B292DDE2400C856E6 /* Frameworks */,
				DE489D2C292DDE2400C856E6 /* Resources */,
			);
			buildRules = (
			);
			dependencies = (
				DE489D30292DDE2400C856E6 /* PBXTargetDependency */,
			);
			name = CuprumUITests;
			productName = CuprumUITests;
			productReference = DE489D2E292DDE2400C856E6 /* CuprumUITests.xctest */;
			productType = "com.apple.product-type.bundle.ui-testing";
		};
/* End PBXNativeTarget section */

/* Begin PBXProject section */
		DE489D0B292DDE2100C856E6 /* Project object */ = {
			isa = PBXProject;
			attributes = {
				BuildIndependentTargetsInParallel = 1;
				LastSwiftUpdateCheck = 1410;
				LastUpgradeCheck = 1410;
				TargetAttributes = {
					DE489D12292DDE2200C856E6 = {
						CreatedOnToolsVersion = 14.1;
					};
					DE489D23292DDE2400C856E6 = {
						CreatedOnToolsVersion = 14.1;
						TestTargetID = DE489D12292DDE2200C856E6;
					};
					DE489D2D292DDE2400C856E6 = {
						CreatedOnToolsVersion = 14.1;
						TestTargetID = DE489D12292DDE2200C856E6;
					};
				};
			};
			buildConfigurationList = DE489D0E292DDE2100C856E6 /* Build configuration list for PBXProject "Cuprum" */;
			compatibilityVersion = "Xcode 14.0";
			developmentRegion = en;
			hasScannedForEncodings = 0;
			knownRegions = (
				en,
				Base,
			);
			mainGroup = DE489D0A292DDE2100C856E6;
			productRefGroup = DE489D14292DDE2200C856E6 /* Products */;
			projectDirPath = "";
			projectRoot = "";
			targets = (
				DE489D12292DDE2200C856E6 /* Cuprum */,
				DE489D23292DDE2400C856E6 /* CuprumTests */,
				DE489D2D292DDE2400C856E6 /* CuprumUITests */,
			);
		};
/* End PBXProject section */

/* Begin PBXResourcesBuildPhase section */
		DE489D11292DDE2200C856E6 /* Resources */ = {
			isa = PBXResourcesBuildPhase;
			buildActionMask = 2147483647;
			files = (
				DE489D1E292DDE2400C856E6 /* Preview Assets.xcassets in Resources */,
				DE489D1B292DDE2400C856E6 /* Assets.xcassets in Resources */,
			);
			runOnlyForDeploymentPostprocessing = 0;
		};
		DE489D22292DDE2400C856E6 /* Resources */ = {
			isa = PBXResourcesBuildPhase;
			buildActionMask = 2147483647;
			files = (
			);
			runOnlyForDeploymentPostprocessing = 0;
		};
		DE489D2C292DDE2400C856E6 /* Resources */ = {
			isa = PBXResourcesBuildPhase;
			buildActionMask = 2147483647;
			files = (
			);
			runOnlyForDeploymentPostprocessing = 0;
		};
/* End PBXResourcesBuildPhase section */

/* Begin PBXSourcesBuildPhase section */
		DE489D0F292DDE2200C856E6 /* Sources */ = {
			isa = PBXSourcesBuildPhase;
			buildActionMask = 2147483647;
			files = (
				DE489D19292DDE2200C856E6 /* ContentView.swift in Sources */,
				DE489D17292DDE2200C856E6 /* CuprumApp.swift in Sources */,
			);
			runOnlyForDeploymentPostprocessing = 0;
		};
		DE489D20292DDE2400C856E6 /* Sources */ = {
			isa = PBXSourcesBuildPhase;
			buildActionMask = 2147483647;
			files = (
				DE489D29292DDE2400C856E6 /* CuprumTests.swift in Sources */,
			);
			runOnlyForDeploymentPostprocessing = 0;
		};
		DE489D2A292DDE2400C856E6 /* Sources */ = {
			isa = PBXSourcesBuildPhase;
			buildActionMask = 2147483647;
			files = (
				DE489D35292DDE2400C856E6 /* CuprumUITestsLaunchTests.swift in Sources */,
				DE489D33292DDE2400C856E6 /* CuprumUITests.swift in Sources */,
			);
			runOnlyForDeploymentPostprocessing = 0;
		};
/* End PBXSourcesBuildPhase section */

/* Begin PBXTargetDependency section */
		DE489D26292DDE2400C856E6 /* PBXTargetDependency */ = {
			isa = PBXTargetDependency;
			target = DE489D12292DDE2200C856E6 /* Cuprum */;
			targetProxy = DE489D25292DDE2400C856E6 /* PBXContainerItemProxy */;
		};
		DE489D30292DDE2400C856E6 /* PBXTargetDependency */ = {
			isa = PBXTargetDependency;
			target = DE489D12292DDE2200C856E6 /* Cuprum */;
			targetProxy = DE489D2F292DDE2400C856E6 /* PBXContainerItemProxy */;
		};
/* End PBXTargetDependency section */

/* Begin XCBuildConfiguration section */
		DE489D36292DDE2400C856E6 /* Debug */ = {
			isa = XCBuildConfiguration;
			buildSettings = {
				ALWAYS_SEARCH_USER_PATHS = NO;
				CLANG_ANALYZER_NONNULL = YES;
				CLANG_ANALYZER_NUMBER_OBJECT_CONVERSION = YES_AGGRESSIVE;
				CLANG_CXX_LANGUAGE_STANDARD = "gnu++20";
				CLANG_ENABLE_MODULES = YES;
				CLANG_ENABLE_OBJC_ARC = YES;
				CLANG_ENABLE_OBJC_WEAK = YES;
				CLANG_WARN_BLOCK_CAPTURE_AUTORELEASING = YES;
				CLANG_WARN_BOOL_CONVERSION = YES;
				CLANG_WARN_COMMA = YES;
				CLANG_WARN_CONSTANT_CONVERSION = YES;
				CLANG_WARN_DEPRECATED_OBJC_IMPLEMENTATIONS = YES;
				CLANG_WARN_DIRECT_OBJC_ISA_USAGE = YES_ERROR;
				CLANG_WARN_DOCUMENTATION_COMMENTS = YES;
				CLANG_WARN_EMPTY_BODY = YES;
				CLANG_WARN_ENUM_CONVERSION = YES;
				CLANG_WARN_INFINITE_RECURSION = YES;
				CLANG_WARN_INT_CONVERSION = YES;
				CLANG_WARN_NON_LITERAL_NULL_CONVERSION = YES;
				CLANG_WARN_OBJC_IMPLICIT_RETAIN_SELF = YES;
				CLANG_WARN_OBJC_LITERAL_CONVERSION = YES;
				CLANG_WARN_OBJC_ROOT_CLASS = YES_ERROR;
				CLANG_WARN_QUOTED_INCLUDE_IN_FRAMEWORK_HEADER = YES;
				CLANG_WARN_RANGE_LOOP_ANALYSIS = YES;
				CLANG_WARN_STRICT_PROTOTYPES = YES;
				CLANG_WARN_SUSPICIOUS_MOVE = YES;
				CLANG_WARN_UNGUARDED_AVAILABILITY = YES_AGGRESSIVE;
				CLANG_WARN_UNREACHABLE_CODE = YES;
				CLANG_WARN__DUPLICATE_METHOD_MATCH = YES;
				COPY_PHASE_STRIP = NO;
				DEBUG_INFORMATION_FORMAT = dwarf;
				ENABLE_STRICT_OBJC_MSGSEND = YES;
				ENABLE_TESTABILITY = YES;
				GCC_C_LANGUAGE_STANDARD = gnu11;
				GCC_DYNAMIC_NO_PIC = NO;
				GCC_NO_COMMON_BLOCKS = YES;
				GCC_OPTIMIZATION_LEVEL = 0;
				GCC_PREPROCESSOR_DEFINITIONS = (
					"DEBUG=1",
					"$(inherited)",
				);
				GCC_WARN_64_TO_32_BIT_CONVERSION = YES;
				GCC_WARN_ABOUT_RETURN_TYPE = YES_ERROR;
				GCC_WARN_UNDECLARED_SELECTOR = YES;
				GCC_WARN_UNINITIALIZED_AUTOS = YES_AGGRESSIVE;
				GCC_WARN_UNUSED_FUNCTION = YES;
				GCC_WARN_UNUSED_VARIABLE = YES;
				MACOSX_DEPLOYMENT_TARGET = 13.0;
				MTL_ENABLE_DEBUG_INFO = INCLUDE_SOURCE;
				MTL_FAST_MATH = YES;
				ONLY_ACTIVE_ARCH = YES;
				SDKROOT = macosx;
				SWIFT_ACTIVE_COMPILATION_CONDITIONS = DEBUG;
				SWIFT_OPTIMIZATION_LEVEL = "-Onone";
			};
			name = Debug;
		};
		DE489D37292DDE2400C856E6 /* Release */ = {
			isa = XCBuildConfiguration;
			buildSettings = {
				ALWAYS_SEARCH_USER_PATHS = NO;
				CLANG_ANALYZER_NONNULL = YES;
				CLANG_ANALYZER_NUMBER_OBJECT_CONVERSION = YES_AGGRESSIVE;
				CLANG_CXX_LANGUAGE_STANDARD = "gnu++20";
				CLANG_ENABLE_MODULES = YES;
				CLANG_ENABLE_OBJC_ARC = YES;
				CLANG_ENABLE_OBJC_WEAK = YES;
				CLANG_WARN_BLOCK_CAPTURE_AUTORELEASING = YES;
				CLANG_WARN_BOOL_CONVERSION = YES;
				CLANG_WARN_COMMA = YES;
				CLANG_WARN_CONSTANT_CONVERSION = YES;
				CLANG_WARN_DEPRECATED_OBJC_IMPLEMENTATIONS = YES;
				CLANG_WARN_DIRECT_OBJC_ISA_USAGE = YES_ERROR;
				CLANG_WARN_DOCUMENTATION_COMMENTS = YES;
				CLANG_WARN_EMPTY_BODY = YES;
				CLANG_WARN_ENUM_CONVERSION = YES;
				CLANG_WARN_INFINITE_RECURSION = YES;
				CLANG_WARN_INT_CONVERSION = YES;
				CLANG_WARN_NON_LITERAL_NULL_CONVERSION = YES;
				CLANG_WARN_OBJC_IMPLICIT_RETAIN_SELF = YES;
				CLANG_WARN_OBJC_LITERAL_CONVERSION = YES;
				CLANG_WARN_OBJC_ROOT_CLASS = YES_ERROR;
				CLANG_WARN_QUOTED_INCLUDE_IN_FRAMEWORK_HEADER = YES;
				CLANG_WARN_RANGE_LOOP_ANALYSIS = YES;
				CLANG_WARN_STRICT_PROTOTYPES = YES;
				CLANG_WARN_SUSPICIOUS_MOVE = YES;
				CLANG_WARN_UNGUARDED_AVAILABILITY = YES_AGGRESSIVE;
				CLANG_WARN_UNREACHABLE_CODE = YES;
				CLANG_WARN__DUPLICATE_METHOD_MATCH = YES;
				COPY_PHASE_STRIP = NO;
				DEBUG_INFORMATION_FORMAT = "dwarf-with-dsym";
				ENABLE_NS_ASSERTIONS = NO;
				ENABLE_STRICT_OBJC_MSGSEND = YES;
				GCC_C_LANGUAGE_STANDARD = gnu11;
				GCC_NO_COMMON_BLOCKS = YES;
				GCC_WARN_64_TO_32_BIT_CONVERSION = YES;
				GCC_WARN_ABOUT_RETURN_TYPE = YES_ERROR;
				GCC_WARN_UNDECLARED_SELECTOR = YES;
				GCC_WARN_UNINITIALIZED_AUTOS = YES_AGGRESSIVE;
				GCC_WARN_UNUSED_FUNCTION = YES;
				GCC_WARN_UNUSED_VARIABLE = YES;
				MACOSX_DEPLOYMENT_TARGET = 13.0;
				MTL_ENABLE_DEBUG_INFO = NO;
				MTL_FAST_MATH = YES;
				SDKROOT = macosx;
				SWIFT_COMPILATION_MODE = wholemodule;
				SWIFT_OPTIMIZATION_LEVEL = "-O";
			};
			name = Release;
		};
		DE489D39292DDE2400C856E6 /* Debug */ = {
			isa = XCBuildConfiguration;
			buildSettings = {
				ASSETCATALOG_COMPILER_APPICON_NAME = AppIcon;
				ASSETCATALOG_COMPILER_GLOBAL_ACCENT_COLOR_NAME = AccentColor;
				CODE_SIGN_ENTITLEMENTS = Cuprum/Cuprum.entitlements;
				CODE_SIGN_STYLE = Automatic;
				COMBINE_HIDPI_IMAGES = YES;
				CURRENT_PROJECT_VERSION = 1;
				DEVELOPMENT_ASSET_PATHS = "\"Cuprum/Preview Content\"";
				DEVELOPMENT_TEAM = CH2RC2UUP7;
				ENABLE_HARDENED_RUNTIME = YES;
				ENABLE_PREVIEWS = YES;
				GENERATE_INFOPLIST_FILE = YES;
				INFOPLIST_KEY_NSHumanReadableCopyright = "";
				LD_RUNPATH_SEARCH_PATHS = (
					"$(inherited)",
					"@executable_path/../Frameworks",
				);
				MARKETING_VERSION = 1.0;
				PRODUCT_BUNDLE_IDENTIFIER = cns.Cuprum;
				PRODUCT_NAME = "$(TARGET_NAME)";
				SWIFT_EMIT_LOC_STRINGS = YES;
				SWIFT_VERSION = 5.0;
			};
			name = Debug;
		};
		DE489D3A292DDE2400C856E6 /* Release */ = {
			isa = XCBuildConfiguration;
			buildSettings = {
				ASSETCATALOG_COMPILER_APPICON_NAME = AppIcon;
				ASSETCATALOG_COMPILER_GLOBAL_ACCENT_COLOR_NAME = AccentColor;
				CODE_SIGN_ENTITLEMENTS = Cuprum/Cuprum.entitlements;
				CODE_SIGN_STYLE = Automatic;
				COMBINE_HIDPI_IMAGES = YES;
				CURRENT_PROJECT_VERSION = 1;
				DEVELOPMENT_ASSET_PATHS = "\"Cuprum/Preview Content\"";
				DEVELOPMENT_TEAM = CH2RC2UUP7;
				ENABLE_HARDENED_RUNTIME = YES;
				ENABLE_PREVIEWS = YES;
				GENERATE_INFOPLIST_FILE = YES;
				INFOPLIST_KEY_NSHumanReadableCopyright = "";
				LD_RUNPATH_SEARCH_PATHS = (
					"$(inherited)",
					"@executable_path/../Frameworks",
				);
				MARKETING_VERSION = 1.0;
				PRODUCT_BUNDLE_IDENTIFIER = cns.Cuprum;
				PRODUCT_NAME = "$(TARGET_NAME)";
				SWIFT_EMIT_LOC_STRINGS = YES;
				SWIFT_VERSION = 5.0;
			};
			name = Release;
		};
		DE489D3C292DDE2400C856E6 /* Debug */ = {
			isa = XCBuildConfiguration;
			buildSettings = {
				ALWAYS_EMBED_SWIFT_STANDARD_LIBRARIES = YES;
				BUNDLE_LOADER = "$(TEST_HOST)";
				CODE_SIGN_STYLE = Automatic;
				CURRENT_PROJECT_VERSION = 1;
				DEVELOPMENT_TEAM = CH2RC2UUP7;
				GENERATE_INFOPLIST_FILE = YES;
				MACOSX_DEPLOYMENT_TARGET = 13.0;
				MARKETING_VERSION = 1.0;
				PRODUCT_BUNDLE_IDENTIFIER = cns.CuprumTests;
				PRODUCT_NAME = "$(TARGET_NAME)";
				SWIFT_EMIT_LOC_STRINGS = NO;
				SWIFT_VERSION = 5.0;
				TEST_HOST = "$(BUILT_PRODUCTS_DIR)/Cuprum.app/$(BUNDLE_EXECUTABLE_FOLDER_PATH)/Cuprum";
			};
			name = Debug;
		};
		DE489D3D292DDE2400C856E6 /* Release */ = {
			isa = XCBuildConfiguration;
			buildSettings = {
				ALWAYS_EMBED_SWIFT_STANDARD_LIBRARIES = YES;
				BUNDLE_LOADER = "$(TEST_HOST)";
				CODE_SIGN_STYLE = Automatic;
				CURRENT_PROJECT_VERSION = 1;
				DEVELOPMENT_TEAM = CH2RC2UUP7;
				GENERATE_INFOPLIST_FILE = YES;
				MACOSX_DEPLOYMENT_TARGET = 13.0;
				MARKETING_VERSION = 1.0;
				PRODUCT_BUNDLE_IDENTIFIER = cns.CuprumTests;
				PRODUCT_NAME = "$(TARGET_NAME)";
				SWIFT_EMIT_LOC_STRINGS = NO;
				SWIFT_VERSION = 5.0;
				TEST_HOST = "$(BUILT_PRODUCTS_DIR)/Cuprum.app/$(BUNDLE_EXECUTABLE_FOLDER_PATH)/Cuprum";
			};
			name = Release;
		};
		DE489D3F292DDE2400C856E6 /* Debug */ = {
			isa = XCBuildConfiguration;
			buildSettings = {
				ALWAYS_EMBED_SWIFT_STANDARD_LIBRARIES = YES;
				CODE_SIGN_STYLE = Automatic;
				CURRENT_PROJECT_VERSION = 1;
				DEVELOPMENT_TEAM = CH2RC2UUP7;
				GENERATE_INFOPLIST_FILE = YES;
				MARKETING_VERSION = 1.0;
				PRODUCT_BUNDLE_IDENTIFIER = cns.CuprumUITests;
				PRODUCT_NAME = "$(TARGET_NAME)";
				SWIFT_EMIT_LOC_STRINGS = NO;
				SWIFT_VERSION = 5.0;
				TEST_TARGET_NAME = Cuprum;
			};
			name = Debug;
		};
		DE489D40292DDE2400C856E6 /* Release */ = {
			isa = XCBuildConfiguration;
			buildSettings = {
				ALWAYS_EMBED_SWIFT_STANDARD_LIBRARIES = YES;
				CODE_SIGN_STYLE = Automatic;
				CURRENT_PROJECT_VERSION = 1;
				DEVELOPMENT_TEAM = CH2RC2UUP7;
				GENERATE_INFOPLIST_FILE = YES;
				MARKETING_VERSION = 1.0;
				PRODUCT_BUNDLE_IDENTIFIER = cns.CuprumUITests;
				PRODUCT_NAME = "$(TARGET_NAME)";
				SWIFT_EMIT_LOC_STRINGS = NO;
				SWIFT_VERSION = 5.0;
				TEST_TARGET_NAME = Cuprum;
			};
			name = Release;
		};
/* End XCBuildConfiguration section */

/* Begin XCConfigurationList section */
		DE489D0E292DDE2100C856E6 /* Build configuration list for PBXProject "Cuprum" */ = {
			isa = XCConfigurationList;
			buildConfigurations = (
				DE489D36292DDE2400C856E6 /* Debug */,
				DE489D37292DDE2400C856E6 /* Release */,
			);
			defaultConfigurationIsVisible = 0;
			defaultConfigurationName = Release;
		};
		DE489D38292DDE2400C856E6 /* Build configuration list for PBXNativeTarget "Cuprum" */ = {
			isa = XCConfigurationList;
			buildConfigurations = (
				DE489D39292DDE2400C856E6 /* Debug */,
				DE489D3A292DDE2400C856E6 /* Release */,
			);
			defaultConfigurationIsVisible = 0;
			defaultConfigurationName = Release;
		};
		DE489D3B292DDE2400C856E6 /* Build configuration list for PBXNativeTarget "CuprumTests" */ = {
			isa = XCConfigurationList;
			buildConfigurations = (
				DE489D3C292DDE2400C856E6 /* Debug */,
				DE489D3D292DDE2400C856E6 /* Release */,
			);
			defaultConfigurationIsVisible = 0;
			defaultConfigurationName = Release;
		};
		DE489D3E292DDE2400C856E6 /* Build configuration list for PBXNativeTarget "CuprumUITests" */ = {
			isa = XCConfigurationList;
			buildConfigurations = (
				DE489D3F292DDE2400C856E6 /* Debug */,
				DE489D40292DDE2400C856E6 /* Release */,
			);
			defaultConfigurationIsVisible = 0;
			defaultConfigurationName = Release;
		};
/* End XCConfigurationList section */
	};
	rootObject = DE489D0B292DDE2100C856E6 /* Project object */;
}
